
Microsoft Visual Studio Solution File, Format Version 12.00
# Visual Studio Version 17
VisualStudioVersion = 17.4.33205.214
MinimumVisualStudioVersion = 10.0.40219.1
Project("{FAE04EC0-301F-11D3-BF4B-00C04F79EFBC}") = "KALENDARV2", "KALENDARV2\KALENDARV2.csproj", "{AD4124CD-591F-47DC-B8C4-1AFAEEE7F527}"
EndProject
Global
	GlobalSection(SolutionConfigurationPlatforms) = preSolution
		Debug|Any CPU = Debug|Any CPU
		Release|Any CPU = Release|Any CPU
	EndGlobalSection
	GlobalSection(ProjectConfigurationPlatforms) = postSolution
		{AD4124CD-591F-47DC-B8C4-1AFAEEE7F527}.Debug|Any CPU.ActiveCfg = Debug|Any CPU
		{AD4124CD-591F-47DC-B8C4-1AFAEEE7F527}.Debug|Any CPU.Build.0 = Debug|Any CPU
		{AD4124CD-591F-47DC-B8C4-1AFAEEE7F527}.Release|Any CPU.ActiveCfg = Release|Any CPU
		{AD4124CD-591F-47DC-B8C4-1AFAEEE7F527}.Release|Any CPU.Build.0 = Release|Any CPU
	EndGlobalSection
	GlobalSection(SolutionProperties) = preSolution
		HideSolutionNode = FALSE
	EndGlobalSection
	GlobalSection(ExtensibilityGlobals) = postSolution
		SolutionGuid = {FBF3E778-95E9-4C5C-90E0-2FEC81972D95}
	EndGlobalSection
EndGlobal
